
Microsoft Visual Studio Solution File, Format Version 12.00
# Visual Studio Version 17
VisualStudioVersion = 17.0.32112.339
MinimumVisualStudioVersion = 10.0.40219.1
Project("{FAE04EC0-301F-11D3-BF4B-00C04F79EFBC}") = "NuclearReactor", "NuclearReactor\NuclearReactor.csproj", "{D19A4D50-02E7-40EB-A2ED-DAA96B60A9DB}"
EndProject
Global
	GlobalSection(SolutionConfigurationPlatforms) = preSolution
		Debug|Any CPU = Debug|Any CPU
		Release|Any CPU = Release|Any CPU
	EndGlobalSection
	GlobalSection(ProjectConfigurationPlatforms) = postSolution
		{D19A4D50-02E7-40EB-A2ED-DAA96B60A9DB}.Debug|Any CPU.ActiveCfg = Debug|Any CPU
		{D19A4D50-02E7-40EB-A2ED-DAA96B60A9DB}.Debug|Any CPU.Build.0 = Debug|Any CPU
		{D19A4D50-02E7-40EB-A2ED-DAA96B60A9DB}.Release|Any CPU.ActiveCfg = Release|Any CPU
		{D19A4D50-02E7-40EB-A2ED-DAA96B60A9DB}.Release|Any CPU.Build.0 = Release|Any CPU
	EndGlobalSection
	GlobalSection(SolutionProperties) = preSolution
		HideSolutionNode = FALSE
	EndGlobalSection
	GlobalSection(ExtensibilityGlobals) = postSolution
		SolutionGuid = {F4885029-F2F7-44A0-BC66-7B593CDB8C12}
	EndGlobalSection
EndGlobal
